
Microsoft Visual Studio Solution File, Format Version 12.00
# Visual Studio Version 16
VisualStudioVersion = 16.0.29926.136
MinimumVisualStudioVersion = 10.0.40219.1
Project("{FAE04EC0-301F-11D3-BF4B-00C04F79EFBC}") = "Capa de Precentacion", "Capa de Precentacion.csproj", "{076C8F1C-2D9C-4413-9CCB-9EE838B71515}"
EndProject
Project("{FAE04EC0-301F-11D3-BF4B-00C04F79EFBC}") = "Capa_Negocio", "Capa_Negocio\Capa_Negocio.csproj", "{3CE6F80C-4CF6-4A11-A3AE-8BFAA89B4FB1}"
EndProject
Project("{FAE04EC0-301F-11D3-BF4B-00C04F79EFBC}") = "Capa_AccesoDatos", "Capa_AccesoDatos\Capa_AccesoDatos.csproj", "{FFF90BB8-084C-4F3E-AFB2-547F08DB455A}"
EndProject
Global
	GlobalSection(SolutionConfigurationPlatforms) = preSolution
		Debug|Any CPU = Debug|Any CPU
		Release|Any CPU = Release|Any CPU
	EndGlobalSection
	GlobalSection(ProjectConfigurationPlatforms) = postSolution
		{076C8F1C-2D9C-4413-9CCB-9EE838B71515}.Debug|Any CPU.ActiveCfg = Debug|Any CPU
		{076C8F1C-2D9C-4413-9CCB-9EE838B71515}.Debug|Any CPU.Build.0 = Debug|Any CPU
		{076C8F1C-2D9C-4413-9CCB-9EE838B71515}.Release|Any CPU.ActiveCfg = Release|Any CPU
		{076C8F1C-2D9C-4413-9CCB-9EE838B71515}.Release|Any CPU.Build.0 = Release|Any CPU
		{3CE6F80C-4CF6-4A11-A3AE-8BFAA89B4FB1}.Debug|Any CPU.ActiveCfg = Debug|Any CPU
		{3CE6F80C-4CF6-4A11-A3AE-8BFAA89B4FB1}.Debug|Any CPU.Build.0 = Debug|Any CPU
		{3CE6F80C-4CF6-4A11-A3AE-8BFAA89B4FB1}.Release|Any CPU.ActiveCfg = Release|Any CPU
		{3CE6F80C-4CF6-4A11-A3AE-8BFAA89B4FB1}.Release|Any CPU.Build.0 = Release|Any CPU
		{FFF90BB8-084C-4F3E-AFB2-547F08DB455A}.Debug|Any CPU.ActiveCfg = Debug|Any CPU
		{FFF90BB8-084C-4F3E-AFB2-547F08DB455A}.Debug|Any CPU.Build.0 = Debug|Any CPU
		{FFF90BB8-084C-4F3E-AFB2-547F08DB455A}.Release|Any CPU.ActiveCfg = Release|Any CPU
		{FFF90BB8-084C-4F3E-AFB2-547F08DB455A}.Release|Any CPU.Build.0 = Release|Any CPU
	EndGlobalSection
	GlobalSection(SolutionProperties) = preSolution
		HideSolutionNode = FALSE
	EndGlobalSection
	GlobalSection(ExtensibilityGlobals) = postSolution
		SolutionGuid = {C6819C07-7365-4D83-AB67-014254474C20}
	EndGlobalSection
EndGlobal
